
Microsoft Visual Studio Solution File, Format Version 12.00
# Visual Studio Version 16
VisualStudioVersion = 16.0.29324.140
MinimumVisualStudioVersion = 10.0.40219.1
Project("{FAE04EC0-301F-11D3-BF4B-00C04F79EFBC}") = "ScoreBoardWelpen", "ScoreBoardWelpen.csproj", "{D05548C1-1E75-4B6C-9BD6-44260A3CCE4E}"
EndProject
Global
	GlobalSection(SolutionConfigurationPlatforms) = preSolution
		Debug|ARM = Debug|ARM
		Debug|ARM64 = Debug|ARM64
		Debug|x64 = Debug|x64
		Debug|x86 = Debug|x86
		Release|ARM = Release|ARM
		Release|ARM64 = Release|ARM64
		Release|x64 = Release|x64
		Release|x86 = Release|x86
	EndGlobalSection
	GlobalSection(ProjectConfigurationPlatforms) = postSolution
		{D05548C1-1E75-4B6C-9BD6-44260A3CCE4E}.Debug|ARM.ActiveCfg = Debug|ARM
		{D05548C1-1E75-4B6C-9BD6-44260A3CCE4E}.Debug|ARM.Build.0 = Debug|ARM
		{D05548C1-1E75-4B6C-9BD6-44260A3CCE4E}.Debug|ARM.Deploy.0 = Debug|ARM
		{D05548C1-1E75-4B6C-9BD6-44260A3CCE4E}.Debug|ARM64.ActiveCfg = Debug|ARM64
		{D05548C1-1E75-4B6C-9BD6-44260A3CCE4E}.Debug|ARM64.Build.0 = Debug|ARM64
		{D05548C1-1E75-4B6C-9BD6-44260A3CCE4E}.Debug|ARM64.Deploy.0 = Debug|ARM64
		{D05548C1-1E75-4B6C-9BD6-44260A3CCE4E}.Debug|x64.ActiveCfg = Debug|x64
		{D05548C1-1E75-4B6C-9BD6-44260A3CCE4E}.Debug|x64.Build.0 = Debug|x64
		{D05548C1-1E75-4B6C-9BD6-44260A3CCE4E}.Debug|x64.Deploy.0 = Debug|x64
		{D05548C1-1E75-4B6C-9BD6-44260A3CCE4E}.Debug|x86.ActiveCfg = Debug|x86
		{D05548C1-1E75-4B6C-9BD6-44260A3CCE4E}.Debug|x86.Build.0 = Debug|x86
		{D05548C1-1E75-4B6C-9BD6-44260A3CCE4E}.Debug|x86.Deploy.0 = Debug|x86
		{D05548C1-1E75-4B6C-9BD6-44260A3CCE4E}.Release|ARM.ActiveCfg = Release|ARM
		{D05548C1-1E75-4B6C-9BD6-44260A3CCE4E}.Release|ARM.Build.0 = Release|ARM
		{D05548C1-1E75-4B6C-9BD6-44260A3CCE4E}.Release|ARM.Deploy.0 = Release|ARM
		{D05548C1-1E75-4B6C-9BD6-44260A3CCE4E}.Release|ARM64.ActiveCfg = Release|ARM64
		{D05548C1-1E75-4B6C-9BD6-44260A3CCE4E}.Release|ARM64.Build.0 = Release|ARM64
		{D05548C1-1E75-4B6C-9BD6-44260A3CCE4E}.Release|ARM64.Deploy.0 = Release|ARM64
		{D05548C1-1E75-4B6C-9BD6-44260A3CCE4E}.Release|x64.ActiveCfg = Release|x64
		{D05548C1-1E75-4B6C-9BD6-44260A3CCE4E}.Release|x64.Build.0 = Release|x64
		{D05548C1-1E75-4B6C-9BD6-44260A3CCE4E}.Release|x64.Deploy.0 = Release|x64
		{D05548C1-1E75-4B6C-9BD6-44260A3CCE4E}.Release|x86.ActiveCfg = Release|x86
		{D05548C1-1E75-4B6C-9BD6-44260A3CCE4E}.Release|x86.Build.0 = Release|x86
		{D05548C1-1E75-4B6C-9BD6-44260A3CCE4E}.Release|x86.Deploy.0 = Release|x86
	EndGlobalSection
	GlobalSection(SolutionProperties) = preSolution
		HideSolutionNode = FALSE
	EndGlobalSection
	GlobalSection(ExtensibilityGlobals) = postSolution
		SolutionGuid = {285690E2-5018-46A9-816B-3595B287231B}
	EndGlobalSection
EndGlobal
